
Microsoft Visual Studio Solution File, Format Version 12.00
# Visual Studio Version 16
VisualStudioVersion = 16.0.30128.74
MinimumVisualStudioVersion = 10.0.40219.1
Project("{FAE04EC0-301F-11D3-BF4B-00C04F79EFBC}") = "FizzBuzz", "FizzBuzz\FizzBuzz.csproj", "{82E6CB0A-2E89-445C-BEF6-BDED38D4012B}"
EndProject
Global
	GlobalSection(SolutionConfigurationPlatforms) = preSolution
		Debug|Any CPU = Debug|Any CPU
		Release|Any CPU = Release|Any CPU
	EndGlobalSection
	GlobalSection(ProjectConfigurationPlatforms) = postSolution
		{82E6CB0A-2E89-445C-BEF6-BDED38D4012B}.Debug|Any CPU.ActiveCfg = Debug|Any CPU
		{82E6CB0A-2E89-445C-BEF6-BDED38D4012B}.Debug|Any CPU.Build.0 = Debug|Any CPU
		{82E6CB0A-2E89-445C-BEF6-BDED38D4012B}.Release|Any CPU.ActiveCfg = Release|Any CPU
		{82E6CB0A-2E89-445C-BEF6-BDED38D4012B}.Release|Any CPU.Build.0 = Release|Any CPU
	EndGlobalSection
	GlobalSection(SolutionProperties) = preSolution
		HideSolutionNode = FALSE
	EndGlobalSection
	GlobalSection(ExtensibilityGlobals) = postSolution
		SolutionGuid = {84344603-535E-4900-8957-064546D92B73}
	EndGlobalSection
EndGlobal
